// !$*UTF8*$!
{
	archiveVersion = 1;
	classes = {
	};
	objectVersion = 46;
	objects = {

/* Begin PBXBuildFile section */
		7E0115D31EDFAF8C001368A0 /* remove@2x.png in Resources */ = {isa = PBXBuildFile; fileRef = 7E0115D21EDFAF8C001368A0 /* remove@2x.png */; };
		7E0115D51EDFAF94001368A0 /* add@2x.png in Resources */ = {isa = PBXBuildFile; fileRef = 7E0115D41EDFAF94001368A0 /* add@2x.png */; };
		7E18E5E31EDE541A0043F981 /* main.m in Sources */ = {isa = PBXBuildFile; fileRef = 7E18E5E21EDE541A0043F981 /* main.m */; };
		7E18E5E61EDE541A0043F981 /* AppDelegate.m in Sources */ = {isa = PBXBuildFile; fileRef = 7E18E5E51EDE541A0043F981 /* AppDelegate.m */; };
		7E18E5E91EDE541A0043F981 /* ViewController.m in Sources */ = {isa = PBXBuildFile; fileRef = 7E18E5E81EDE541A0043F981 /* ViewController.m */; };
		7E18E5EC1EDE541A0043F981 /* Main.storyboard in Resources */ = {isa = PBXBuildFile; fileRef = 7E18E5EA1EDE541A0043F981 /* Main.storyboard */; };
		7E18E5EE1EDE541A0043F981 /* Assets.xcassets in Resources */ = {isa = PBXBuildFile; fileRef = 7E18E5ED1EDE541A0043F981 /* Assets.xcassets */; };
		7E18E5F11EDE541A0043F981 /* LaunchScreen.storyboard in Resources */ = {isa = PBXBuildFile; fileRef = 7E18E5EF1EDE541A0043F981 /* LaunchScreen.storyboard */; };
		7E18E5FC1EDE541A0043F981 /* shopCarTests.m in Sources */ = {isa = PBXBuildFile; fileRef = 7E18E5FB1EDE541A0043F981 /* shopCarTests.m */; };
		7E18E6071EDE541A0043F981 /* shopCarUITests.m in Sources */ = {isa = PBXBuildFile; fileRef = 7E18E6061EDE541A0043F981 /* shopCarUITests.m */; };
		7E18E6151EDE56480043F981 /* dataJson.json in Resources */ = {isa = PBXBuildFile; fileRef = 7E18E6141EDE56480043F981 /* dataJson.json */; };
		7E18E61B1EDE58B30043F981 /* NSObject+YYModel.m in Sources */ = {isa = PBXBuildFile; fileRef = 7E18E6181EDE58B30043F981 /* NSObject+YYModel.m */; };
		7E18E61C1EDE58B30043F981 /* YYClassInfo.m in Sources */ = {isa = PBXBuildFile; fileRef = 7E18E61A1EDE58B30043F981 /* YYClassInfo.m */; };
		7E18E6231EDE598F0043F981 /* YSModel.m in Sources */ = {isa = PBXBuildFile; fileRef = 7E18E6221EDE598F0043F981 /* YSModel.m */; };
		7E18E6261EDE59CE0043F981 /* ModelShopCar.m in Sources */ = {isa = PBXBuildFile; fileRef = 7E18E6251EDE59CE0043F981 /* ModelShopCar.m */; };
		7E18E62A1EDE5EDF0043F981 /* leftView.m in Sources */ = {isa = PBXBuildFile; fileRef = 7E18E6291EDE5EDF0043F981 /* leftView.m */; };
		7E18E6301EDE6D450043F981 /* BaseCell.m in Sources */ = {isa = PBXBuildFile; fileRef = 7E18E62F1EDE6D450043F981 /* BaseCell.m */; };
		7E18E64B1EDE6D780043F981 /* MASCompositeConstraint.m in Sources */ = {isa = PBXBuildFile; fileRef = 7E18E6331EDE6D780043F981 /* MASCompositeConstraint.m */; };
		7E18E64C1EDE6D780043F981 /* MASConstraint.m in Sources */ = {isa = PBXBuildFile; fileRef = 7E18E6361EDE6D780043F981 /* MASConstraint.m */; };
		7E18E64D1EDE6D780043F981 /* MASConstraintMaker.m in Sources */ = {isa = PBXBuildFile; fileRef = 7E18E6381EDE6D780043F981 /* MASConstraintMaker.m */; };
		7E18E64E1EDE6D780043F981 /* MASLayoutConstraint.m in Sources */ = {isa = PBXBuildFile; fileRef = 7E18E63A1EDE6D780043F981 /* MASLayoutConstraint.m */; };
		7E18E64F1EDE6D780043F981 /* MASViewAttribute.m in Sources */ = {isa = PBXBuildFile; fileRef = 7E18E63E1EDE6D780043F981 /* MASViewAttribute.m */; };
		7E18E6501EDE6D780043F981 /* MASViewConstraint.m in Sources */ = {isa = PBXBuildFile; fileRef = 7E18E6401EDE6D780043F981 /* MASViewConstraint.m */; };
		7E18E6511EDE6D780043F981 /* NSArray+MASAdditions.m in Sources */ = {isa = PBXBuildFile; fileRef = 7E18E6421EDE6D780043F981 /* NSArray+MASAdditions.m */; };
		7E18E6521EDE6D780043F981 /* NSLayoutConstraint+MASDebugAdditions.m in Sources */ = {isa = PBXBuildFile; fileRef = 7E18E6451EDE6D780043F981 /* NSLayoutConstraint+MASDebugAdditions.m */; };
		7E18E6531EDE6D780043F981 /* View+MASAdditions.m in Sources */ = {isa = PBXBuildFile; fileRef = 7E18E6471EDE6D780043F981 /* View+MASAdditions.m */; };
		7E18E6541EDE6D780043F981 /* ViewController+MASAdditions.m in Sources */ = {isa = PBXBuildFile; fileRef = 7E18E64A1EDE6D780043F981 /* ViewController+MASAdditions.m */; };
		7E18E6571EDE6D890043F981 /* leftCell.m in Sources */ = {isa = PBXBuildFile; fileRef = 7E18E6561EDE6D890043F981 /* leftCell.m */; };
		7E18E65A1EDE86AD0043F981 /* goodsView.m in Sources */ = {isa = PBXBuildFile; fileRef = 7E18E6591EDE86AD0043F981 /* goodsView.m */; };
		7E18E65D1EDE87D50043F981 /* goodsCell.m in Sources */ = {isa = PBXBuildFile; fileRef = 7E18E65C1EDE87D50043F981 /* goodsCell.m */; };
		7E18E6721EDE8E940043F981 /* SDImageCache.m in Sources */ = {isa = PBXBuildFile; fileRef = 7E18E6601EDE8E930043F981 /* SDImageCache.m */; };
		7E18E6731EDE8E940043F981 /* SDWebImageCompat.m in Sources */ = {isa = PBXBuildFile; fileRef = 7E18E6621EDE8E930043F981 /* SDWebImageCompat.m */; };
		7E18E6741EDE8E940043F981 /* SDWebImageDecoder.m in Sources */ = {isa = PBXBuildFile; fileRef = 7E18E6641EDE8E930043F981 /* SDWebImageDecoder.m */; };
		7E18E6751EDE8E940043F981 /* SDWebImageDownloader.m in Sources */ = {isa = PBXBuildFile; fileRef = 7E18E6661EDE8E930043F981 /* SDWebImageDownloader.m */; };
		7E18E6761EDE8E940043F981 /* SDWebImageDownloaderOperation.m in Sources */ = {isa = PBXBuildFile; fileRef = 7E18E6681EDE8E940043F981 /* SDWebImageDownloaderOperation.m */; };
		7E18E6771EDE8E940043F981 /* SDWebImageManager.m in Sources */ = {isa = PBXBuildFile; fileRef = 7E18E66A1EDE8E940043F981 /* SDWebImageManager.m */; };
		7E18E6781EDE8E940043F981 /* SDWebImagePrefetcher.m in Sources */ = {isa = PBXBuildFile; fileRef = 7E18E66D1EDE8E940043F981 /* SDWebImagePrefetcher.m */; };
		7E18E6791EDE8E940043F981 /* UIButton+WebCache.m in Sources */ = {isa = PBXBuildFile; fileRef = 7E18E66F1EDE8E940043F981 /* UIButton+WebCache.m */; };
		7E18E67A1EDE8E940043F981 /* UIImageView+WebCache.m in Sources */ = {isa = PBXBuildFile; fileRef = 7E18E6711EDE8E940043F981 /* UIImageView+WebCache.m */; };
/* End PBXBuildFile section */

/* Begin PBXContainerItemProxy section */
		7E18E5F81EDE541A0043F981 /* PBXContainerItemProxy */ = {
			isa = PBXContainerItemProxy;
			containerPortal = 7E18E5D61EDE541A0043F981 /* Project object */;
			proxyType = 1;
			remoteGlobalIDString = 7E18E5DD1EDE541A0043F981;
			remoteInfo = shopCar;
		};
		7E18E6031EDE541A0043F981 /* PBXContainerItemProxy */ = {
			isa = PBXContainerItemProxy;
			containerPortal = 7E18E5D61EDE541A0043F981 /* Project object */;
			proxyType = 1;
			remoteGlobalIDString = 7E18E5DD1EDE541A0043F981;
			remoteInfo = shopCar;
		};
/* End PBXContainerItemProxy section */

/* Begin PBXFileReference section */
		7E0115D21EDFAF8C001368A0 /* remove@2x.png */ = {isa = PBXFileReference; lastKnownFileType = image.png; path = "remove@2x.png"; sourceTree = "<group>"; };
		7E0115D41EDFAF94001368A0 /* add@2x.png */ = {isa = PBXFileReference; lastKnownFileType = image.png; path = "add@2x.png"; sourceTree = "<group>"; };
		7E18E5DE1EDE541A0043F981 /* shopCar.app */ = {isa = PBXFileReference; explicitFileType = wrapper.application; includeInIndex = 0; path = shopCar.app; sourceTree = BUILT_PRODUCTS_DIR; };
		7E18E5E21EDE541A0043F981 /* main.m */ = {isa = PBXFileReference; lastKnownFileType = sourcecode.c.objc; path = main.m; sourceTree = "<group>"; };
		7E18E5E41EDE541A0043F981 /* AppDelegate.h */ = {isa = PBXFileReference; lastKnownFileType = sourcecode.c.h; path = AppDelegate.h; sourceTree = "<group>"; };
		7E18E5E51EDE541A0043F981 /* AppDelegate.m */ = {isa = PBXFileReference; lastKnownFileType = sourcecode.c.objc; path = AppDelegate.m; sourceTree = "<group>"; };
		7E18E5E71EDE541A0043F981 /* ViewController.h */ = {isa = PBXFileReference; lastKnownFileType = sourcecode.c.h; path = ViewController.h; sourceTree = "<group>"; };
		7E18E5E81EDE541A0043F981 /* ViewController.m */ = {isa = PBXFileReference; lastKnownFileType = sourcecode.c.objc; path = ViewController.m; sourceTree = "<group>"; };
		7E18E5EB1EDE541A0043F981 /* Base */ = {isa = PBXFileReference; lastKnownFileType = file.storyboard; name = Base; path = Base.lproj/Main.storyboard; sourceTree = "<group>"; };
		7E18E5ED1EDE541A0043F981 /* Assets.xcassets */ = {isa = PBXFileReference; lastKnownFileType = folder.assetcatalog; path = Assets.xcassets; sourceTree = "<group>"; };
		7E18E5F01EDE541A0043F981 /* Base */ = {isa = PBXFileReference; lastKnownFileType = file.storyboard; name = Base; path = Base.lproj/LaunchScreen.storyboard; sourceTree = "<group>"; };
		7E18E5F21EDE541A0043F981 /* Info.plist */ = {isa = PBXFileReference; lastKnownFileType = text.plist.xml; path = Info.plist; sourceTree = "<group>"; };
		7E18E5F71EDE541A0043F981 /* shopCarTests.xctest */ = {isa = PBXFileReference; explicitFileType = wrapper.cfbundle; includeInIndex = 0; path = shopCarTests.xctest; sourceTree = BUILT_PRODUCTS_DIR; };
		7E18E5FB1EDE541A0043F981 /* shopCarTests.m */ = {isa = PBXFileReference; lastKnownFileType = sourcecode.c.objc; path = shopCarTests.m; sourceTree = "<group>"; };
		7E18E5FD1EDE541A0043F981 /* Info.plist */ = {isa = PBXFileReference; lastKnownFileType = text.plist.xml; path = Info.plist; sourceTree = "<group>"; };
		7E18E6021EDE541A0043F981 /* shopCarUITests.xctest */ = {isa = PBXFileReference; explicitFileType = wrapper.cfbundle; includeInIndex = 0; path = shopCarUITests.xctest; sourceTree = BUILT_PRODUCTS_DIR; };
		7E18E6061EDE541A0043F981 /* shopCarUITests.m */ = {isa = PBXFileReference; lastKnownFileType = sourcecode.c.objc; path = shopCarUITests.m; sourceTree = "<group>"; };
		7E18E6081EDE541A0043F981 /* Info.plist */ = {isa = PBXFileReference; lastKnownFileType = text.plist.xml; path = Info.plist; sourceTree = "<group>"; };
		7E18E6141EDE56480043F981 /* dataJson.json */ = {isa = PBXFileReference; fileEncoding = 4; lastKnownFileType = text.json; path = dataJson.json; sourceTree = "<group>"; };
		7E18E6171EDE58B30043F981 /* NSObject+YYModel.h */ = {isa = PBXFileReference; fileEncoding = 4; lastKnownFileType = sourcecode.c.h; path = "NSObject+YYModel.h"; sourceTree = "<group>"; };
		7E18E6181EDE58B30043F981 /* NSObject+YYModel.m */ = {isa = PBXFileReference; fileEncoding = 4; lastKnownFileType = sourcecode.c.objc; path = "NSObject+YYModel.m"; sourceTree = "<group>"; };
		7E18E6191EDE58B30043F981 /* YYClassInfo.h */ = {isa = PBXFileReference; fileEncoding = 4; lastKnownFileType = sourcecode.c.h; path = YYClassInfo.h; sourceTree = "<group>"; };
		7E18E61A1EDE58B30043F981 /* YYClassInfo.m */ = {isa = PBXFileReference; fileEncoding = 4; lastKnownFileType = sourcecode.c.objc; path = YYClassInfo.m; sourceTree = "<group>"; };
		7E18E6211EDE598F0043F981 /* YSModel.h */ = {isa = PBXFileReference; fileEncoding = 4; lastKnownFileType = sourcecode.c.h; path = YSModel.h; sourceTree = "<group>"; };
		7E18E6221EDE598F0043F981 /* YSModel.m */ = {isa = PBXFileReference; fileEncoding = 4; lastKnownFileType = sourcecode.c.objc; path = YSModel.m; sourceTree = "<group>"; };
		7E18E6241EDE59CE0043F981 /* ModelShopCar.h */ = {isa = PBXFileReference; fileEncoding = 4; lastKnownFileType = sourcecode.c.h; path = ModelShopCar.h; sourceTree = "<group>"; };
		7E18E6251EDE59CE0043F981 /* ModelShopCar.m */ = {isa = PBXFileReference; fileEncoding = 4; lastKnownFileType = sourcecode.c.objc; path = ModelShopCar.m; sourceTree = "<group>"; };
		7E18E6281EDE5EDF0043F981 /* leftView.h */ = {isa = PBXFileReference; fileEncoding = 4; lastKnownFileType = sourcecode.c.h; path = leftView.h; sourceTree = "<group>"; };
		7E18E6291EDE5EDF0043F981 /* leftView.m */ = {isa = PBXFileReference; fileEncoding = 4; lastKnownFileType = sourcecode.c.objc; path = leftView.m; sourceTree = "<group>"; };
		7E18E62C1EDE5FB40043F981 /* shopHeader.h */ = {isa = PBXFileReference; fileEncoding = 4; lastKnownFileType = sourcecode.c.h; path = shopHeader.h; sourceTree = "<group>"; };
		7E18E62E1EDE6D450043F981 /* BaseCell.h */ = {isa = PBXFileReference; fileEncoding = 4; lastKnownFileType = sourcecode.c.h; path = BaseCell.h; sourceTree = "<group>"; };
		7E18E62F1EDE6D450043F981 /* BaseCell.m */ = {isa = PBXFileReference; fileEncoding = 4; lastKnownFileType = sourcecode.c.objc; path = BaseCell.m; sourceTree = "<group>"; };
		7E18E6321EDE6D780043F981 /* MASCompositeConstraint.h */ = {isa = PBXFileReference; fileEncoding = 4; lastKnownFileType = sourcecode.c.h; path = MASCompositeConstraint.h; sourceTree = "<group>"; };
		7E18E6331EDE6D780043F981 /* MASCompositeConstraint.m */ = {isa = PBXFileReference; fileEncoding = 4; lastKnownFileType = sourcecode.c.objc; path = MASCompositeConstraint.m; sourceTree = "<group>"; };
		7E18E6341EDE6D780043F981 /* MASConstraint+Private.h */ = {isa = PBXFileReference; fileEncoding = 4; lastKnownFileType = sourcecode.c.h; path = "MASConstraint+Private.h"; sourceTree = "<group>"; };
		7E18E6351EDE6D780043F981 /* MASConstraint.h */ = {isa = PBXFileReference; fileEncoding = 4; lastKnownFileType = sourcecode.c.h; path = MASConstraint.h; sourceTree = "<group>"; };
		7E18E6361EDE6D780043F981 /* MASConstraint.m */ = {isa = PBXFileReference; fileEncoding = 4; lastKnownFileType = sourcecode.c.objc; path = MASConstraint.m; sourceTree = "<group>"; };
		7E18E6371EDE6D780043F981 /* MASConstraintMaker.h */ = {isa = PBXFileReference; fileEncoding = 4; lastKnownFileType = sourcecode.c.h; path = MASConstraintMaker.h; sourceTree = "<group>"; };
		7E18E6381EDE6D780043F981 /* MASConstraintMaker.m */ = {isa = PBXFileReference; fileEncoding = 4; lastKnownFileType = sourcecode.c.objc; path = MASConstraintMaker.m; sourceTree = "<group>"; };
		7E18E6391EDE6D780043F981 /* MASLayoutConstraint.h */ = {isa = PBXFileReference; fileEncoding = 4; lastKnownFileType = sourcecode.c.h; path = MASLayoutConstraint.h; sourceTree = "<group>"; };
		7E18E63A1EDE6D780043F981 /* MASLayoutConstraint.m */ = {isa = PBXFileReference; fileEncoding = 4; lastKnownFileType = sourcecode.c.objc; path = MASLayoutConstraint.m; sourceTree = "<group>"; };
		7E18E63B1EDE6D780043F981 /* Masonry.h */ = {isa = PBXFileReference; fileEncoding = 4; lastKnownFileType = sourcecode.c.h; path = Masonry.h; sourceTree = "<group>"; };
		7E18E63C1EDE6D780043F981 /* MASUtilities.h */ = {isa = PBXFileReference; fileEncoding = 4; lastKnownFileType = sourcecode.c.h; path = MASUtilities.h; sourceTree = "<group>"; };
		7E18E63D1EDE6D780043F981 /* MASViewAttribute.h */ = {isa = PBXFileReference; fileEncoding = 4; lastKnownFileType = sourcecode.c.h; path = MASViewAttribute.h; sourceTree = "<group>"; };
		7E18E63E1EDE6D780043F981 /* MASViewAttribute.m */ = {isa = PBXFileReference; fileEncoding = 4; lastKnownFileType = sourcecode.c.objc; path = MASViewAttribute.m; sourceTree = "<group>"; };
		7E18E63F1EDE6D780043F981 /* MASViewConstraint.h */ = {isa = PBXFileReference; fileEncoding = 4; lastKnownFileType = sourcecode.c.h; path = MASViewConstraint.h; sourceTree = "<group>"; };
		7E18E6401EDE6D780043F981 /* MASViewConstraint.m */ = {isa = PBXFileReference; fileEncoding = 4; lastKnownFileType = sourcecode.c.objc; path = MASViewConstraint.m; sourceTree = "<group>"; };
		7E18E6411EDE6D780043F981 /* NSArray+MASAdditions.h */ = {isa = PBXFileReference; fileEncoding = 4; lastKnownFileType = sourcecode.c.h; path = "NSArray+MASAdditions.h"; sourceTree = "<group>"; };
		7E18E6421EDE6D780043F981 /* NSArray+MASAdditions.m */ = {isa = PBXFileReference; fileEncoding = 4; lastKnownFileType = sourcecode.c.objc; path = "NSArray+MASAdditions.m"; sourceTree = "<group>"; };
		7E18E6431EDE6D780043F981 /* NSArray+MASShorthandAdditions.h */ = {isa = PBXFileReference; fileEncoding = 4; lastKnownFileType = sourcecode.c.h; path = "NSArray+MASShorthandAdditions.h"; sourceTree = "<group>"; };
		7E18E6441EDE6D780043F981 /* NSLayoutConstraint+MASDebugAdditions.h */ = {isa = PBXFileReference; fileEncoding = 4; lastKnownFileType = sourcecode.c.h; path = "NSLayoutConstraint+MASDebugAdditions.h"; sourceTree = "<group>"; };
		7E18E6451EDE6D780043F981 /* NSLayoutConstraint+MASDebugAdditions.m */ = {isa = PBXFileReference; fileEncoding = 4; lastKnownFileType = sourcecode.c.objc; path = "NSLayoutConstraint+MASDebugAdditions.m"; sourceTree = "<group>"; };
		7E18E6461EDE6D780043F981 /* View+MASAdditions.h */ = {isa = PBXFileReference; fileEncoding = 4; lastKnownFileType = sourcecode.c.h; path = "View+MASAdditions.h"; sourceTree = "<group>"; };
		7E18E6471EDE6D780043F981 /* View+MASAdditions.m */ = {isa = PBXFileReference; fileEncoding = 4; lastKnownFileType = sourcecode.c.objc; path = "View+MASAdditions.m"; sourceTree = "<group>"; };
		7E18E6481EDE6D780043F981 /* View+MASShorthandAdditions.h */ = {isa = PBXFileReference; fileEncoding = 4; lastKnownFileType = sourcecode.c.h; path = "View+MASShorthandAdditions.h"; sourceTree = "<group>"; };
		7E18E6491EDE6D780043F981 /* ViewController+MASAdditions.h */ = {isa = PBXFileReference; fileEncoding = 4; lastKnownFileType = sourcecode.c.h; path = "ViewController+MASAdditions.h"; sourceTree = "<group>"; };
		7E18E64A1EDE6D780043F981 /* ViewController+MASAdditions.m */ = {isa = PBXFileReference; fileEncoding = 4; lastKnownFileType = sourcecode.c.objc; path = "ViewController+MASAdditions.m"; sourceTree = "<group>"; };
		7E18E6551EDE6D890043F981 /* leftCell.h */ = {isa = PBXFileReference; fileEncoding = 4; lastKnownFileType = sourcecode.c.h; path = leftCell.h; sourceTree = "<group>"; };
		7E18E6561EDE6D890043F981 /* leftCell.m */ = {isa = PBXFileReference; fileEncoding = 4; lastKnownFileType = sourcecode.c.objc; path = leftCell.m; sourceTree = "<group>"; };
		7E18E6581EDE86AD0043F981 /* goodsView.h */ = {isa = PBXFileReference; fileEncoding = 4; lastKnownFileType = sourcecode.c.h; path = goodsView.h; sourceTree = "<group>"; };
		7E18E6591EDE86AD0043F981 /* goodsView.m */ = {isa = PBXFileReference; fileEncoding = 4; lastKnownFileType = sourcecode.c.objc; path = goodsView.m; sourceTree = "<group>"; };
		7E18E65B1EDE87D50043F981 /* goodsCell.h */ = {isa = PBXFileReference; fileEncoding = 4; lastKnownFileType = sourcecode.c.h; path = goodsCell.h; sourceTree = "<group>"; };
		7E18E65C1EDE87D50043F981 /* goodsCell.m */ = {isa = PBXFileReference; fileEncoding = 4; lastKnownFileType = sourcecode.c.objc; path = goodsCell.m; sourceTree = "<group>"; };
		7E18E65F1EDE8E930043F981 /* SDImageCache.h */ = {isa = PBXFileReference; fileEncoding = 4; lastKnownFileType = sourcecode.c.h; path = SDImageCache.h; sourceTree = "<group>"; };
		7E18E6601EDE8E930043F981 /* SDImageCache.m */ = {isa = PBXFileReference; fileEncoding = 4; lastKnownFileType = sourcecode.c.objc; path = SDImageCache.m; sourceTree = "<group>"; };
		7E18E6611EDE8E930043F981 /* SDWebImageCompat.h */ = {isa = PBXFileReference; fileEncoding = 4; lastKnownFileType = sourcecode.c.h; path = SDWebImageCompat.h; sourceTree = "<group>"; };
		7E18E6621EDE8E930043F981 /* SDWebImageCompat.m */ = {isa = PBXFileReference; fileEncoding = 4; lastKnownFileType = sourcecode.c.objc; path = SDWebImageCompat.m; sourceTree = "<group>"; };
		7E18E6631EDE8E930043F981 /* SDWebImageDecoder.h */ = {isa = PBXFileReference; fileEncoding = 4; lastKnownFileType = sourcecode.c.h; path = SDWebImageDecoder.h; sourceTree = "<group>"; };
		7E18E6641EDE8E930043F981 /* SDWebImageDecoder.m */ = {isa = PBXFileReference; fileEncoding = 4; lastKnownFileType = sourcecode.c.objc; path = SDWebImageDecoder.m; sourceTree = "<group>"; };
		7E18E6651EDE8E930043F981 /* SDWebImageDownloader.h */ = {isa = PBXFileReference; fileEncoding = 4; lastKnownFileType = sourcecode.c.h; path = SDWebImageDownloader.h; sourceTree = "<group>"; };
		7E18E6661EDE8E930043F981 /* SDWebImageDownloader.m */ = {isa = PBXFileReference; fileEncoding = 4; lastKnownFileType = sourcecode.c.objc; path = SDWebImageDownloader.m; sourceTree = "<group>"; };
		7E18E6671EDE8E930043F981 /* SDWebImageDownloaderOperation.h */ = {isa = PBXFileReference; fileEncoding = 4; lastKnownFileType = sourcecode.c.h; path = SDWebImageDownloaderOperation.h; sourceTree = "<group>"; };
		7E18E6681EDE8E940043F981 /* SDWebImageDownloaderOperation.m */ = {isa = PBXFileReference; fileEncoding = 4; lastKnownFileType = sourcecode.c.objc; path = SDWebImageDownloaderOperation.m; sourceTree = "<group>"; };
		7E18E6691EDE8E940043F981 /* SDWebImageManager.h */ = {isa = PBXFileReference; fileEncoding = 4; lastKnownFileType = sourcecode.c.h; path = SDWebImageManager.h; sourceTree = "<group>"; };
		7E18E66A1EDE8E940043F981 /* SDWebImageManager.m */ = {isa = PBXFileReference; fileEncoding = 4; lastKnownFileType = sourcecode.c.objc; path = SDWebImageManager.m; sourceTree = "<group>"; };
		7E18E66B1EDE8E940043F981 /* SDWebImageOperation.h */ = {isa = PBXFileReference; fileEncoding = 4; lastKnownFileType = sourcecode.c.h; path = SDWebImageOperation.h; sourceTree = "<group>"; };
		7E18E66C1EDE8E940043F981 /* SDWebImagePrefetcher.h */ = {isa = PBXFileReference; fileEncoding = 4; lastKnownFileType = sourcecode.c.h; path = SDWebImagePrefetcher.h; sourceTree = "<group>"; };
		7E18E66D1EDE8E940043F981 /* SDWebImagePrefetcher.m */ = {isa = PBXFileReference; fileEncoding = 4; lastKnownFileType = sourcecode.c.objc; path = SDWebImagePrefetcher.m; sourceTree = "<group>"; };
		7E18E66E1EDE8E940043F981 /* UIButton+WebCache.h */ = {isa = PBXFileReference; fileEncoding = 4; lastKnownFileType = sourcecode.c.h; path = "UIButton+WebCache.h"; sourceTree = "<group>"; };
		7E18E66F1EDE8E940043F981 /* UIButton+WebCache.m */ = {isa = PBXFileReference; fileEncoding = 4; lastKnownFileType = sourcecode.c.objc; path = "UIButton+WebCache.m"; sourceTree = "<group>"; };
		7E18E6701EDE8E940043F981 /* UIImageView+WebCache.h */ = {isa = PBXFileReference; fileEncoding = 4; lastKnownFileType = sourcecode.c.h; path = "UIImageView+WebCache.h"; sourceTree = "<group>"; };
		7E18E6711EDE8E940043F981 /* UIImageView+WebCache.m */ = {isa = PBXFileReference; fileEncoding = 4; lastKnownFileType = sourcecode.c.objc; path = "UIImageView+WebCache.m"; sourceTree = "<group>"; };
/* End PBXFileReference section */

/* Begin PBXFrameworksBuildPhase section */
		7E18E5DB1EDE541A0043F981 /* Frameworks */ = {
			isa = PBXFrameworksBuildPhase;
			buildActionMask = 2147483647;
			files = (
			);
			runOnlyForDeploymentPostprocessing = 0;
		};
		7E18E5F41EDE541A0043F981 /* Frameworks */ = {
			isa = PBXFrameworksBuildPhase;
			buildActionMask = 2147483647;
			files = (
			);
			runOnlyForDeploymentPostprocessing = 0;
		};
		7E18E5FF1EDE541A0043F981 /* Frameworks */ = {
			isa = PBXFrameworksBuildPhase;
			buildActionMask = 2147483647;
			files = (
			);
			runOnlyForDeploymentPostprocessing = 0;
		};
/* End PBXFrameworksBuildPhase section */

/* Begin PBXGroup section */
		7E18E5D51EDE541A0043F981 = {
			isa = PBXGroup;
			children = (
				7E0115D41EDFAF94001368A0 /* add@2x.png */,
				7E0115D21EDFAF8C001368A0 /* remove@2x.png */,
				7E18E6161EDE58B30043F981 /* YYModel */,
				7E18E65E1EDE8E930043F981 /* SDWebImage */,
				7E18E6311EDE6D780043F981 /* Masonry */,
				7E18E62D1EDE6D290043F981 /* Cell */,
				7E18E6271EDE5EC50043F981 /* View */,
				7E18E61D1EDE58B90043F981 /* Model */,
				7E18E5E01EDE541A0043F981 /* shopCar */,
				7E18E5FA1EDE541A0043F981 /* shopCarTests */,
				7E18E6051EDE541A0043F981 /* shopCarUITests */,
				7E18E5DF1EDE541A0043F981 /* Products */,
			);
			sourceTree = "<group>";
		};
		7E18E5DF1EDE541A0043F981 /* Products */ = {
			isa = PBXGroup;
			children = (
				7E18E5DE1EDE541A0043F981 /* shopCar.app */,
				7E18E5F71EDE541A0043F981 /* shopCarTests.xctest */,
				7E18E6021EDE541A0043F981 /* shopCarUITests.xctest */,
			);
			name = Products;
			sourceTree = "<group>";
		};
		7E18E5E01EDE541A0043F981 /* shopCar */ = {
			isa = PBXGroup;
			children = (
				7E18E6141EDE56480043F981 /* dataJson.json */,
				7E18E5E41EDE541A0043F981 /* AppDelegate.h */,
				7E18E5E51EDE541A0043F981 /* AppDelegate.m */,
				7E18E5E71EDE541A0043F981 /* ViewController.h */,
				7E18E5E81EDE541A0043F981 /* ViewController.m */,
				7E18E5EA1EDE541A0043F981 /* Main.storyboard */,
				7E18E5ED1EDE541A0043F981 /* Assets.xcassets */,
				7E18E5EF1EDE541A0043F981 /* LaunchScreen.storyboard */,
				7E18E5F21EDE541A0043F981 /* Info.plist */,
				7E18E5E11EDE541A0043F981 /* Supporting Files */,
				7E18E62C1EDE5FB40043F981 /* shopHeader.h */,
			);
			path = shopCar;
			sourceTree = "<group>";
		};
		7E18E5E11EDE541A0043F981 /* Supporting Files */ = {
			isa = PBXGroup;
			children = (
				7E18E5E21EDE541A0043F981 /* main.m */,
			);
			name = "Supporting Files";
			sourceTree = "<group>";
		};
		7E18E5FA1EDE541A0043F981 /* shopCarTests */ = {
			isa = PBXGroup;
			children = (
				7E18E5FB1EDE541A0043F981 /* shopCarTests.m */,
				7E18E5FD1EDE541A0043F981 /* Info.plist */,
			);
			path = shopCarTests;
			sourceTree = "<group>";
		};
		7E18E6051EDE541A0043F981 /* shopCarUITests */ = {
			isa = PBXGroup;
			children = (
				7E18E6061EDE541A0043F981 /* shopCarUITests.m */,
				7E18E6081EDE541A0043F981 /* Info.plist */,
			);
			path = shopCarUITests;
			sourceTree = "<group>";
		};
		7E18E6161EDE58B30043F981 /* YYModel */ = {
			isa = PBXGroup;
			children = (
				7E18E6171EDE58B30043F981 /* NSObject+YYModel.h */,
				7E18E6181EDE58B30043F981 /* NSObject+YYModel.m */,
				7E18E6191EDE58B30043F981 /* YYClassInfo.h */,
				7E18E61A1EDE58B30043F981 /* YYClassInfo.m */,
			);
			path = YYModel;
			sourceTree = "<group>";
		};
		7E18E61D1EDE58B90043F981 /* Model */ = {
			isa = PBXGroup;
			children = (
				7E18E6211EDE598F0043F981 /* YSModel.h */,
				7E18E6221EDE598F0043F981 /* YSModel.m */,
				7E18E6241EDE59CE0043F981 /* ModelShopCar.h */,
				7E18E6251EDE59CE0043F981 /* ModelShopCar.m */,
			);
			name = Model;
			sourceTree = "<group>";
		};
		7E18E6271EDE5EC50043F981 /* View */ = {
			isa = PBXGroup;
			children = (
				7E18E6281EDE5EDF0043F981 /* leftView.h */,
				7E18E6291EDE5EDF0043F981 /* leftView.m */,
				7E18E6581EDE86AD0043F981 /* goodsView.h */,
				7E18E6591EDE86AD0043F981 /* goodsView.m */,
			);
			name = View;
			sourceTree = "<group>";
		};
		7E18E62D1EDE6D290043F981 /* Cell */ = {
			isa = PBXGroup;
			children = (
				7E18E62E1EDE6D450043F981 /* BaseCell.h */,
				7E18E62F1EDE6D450043F981 /* BaseCell.m */,
				7E18E6551EDE6D890043F981 /* leftCell.h */,
				7E18E6561EDE6D890043F981 /* leftCell.m */,
				7E18E65B1EDE87D50043F981 /* goodsCell.h */,
				7E18E65C1EDE87D50043F981 /* goodsCell.m */,
			);
			name = Cell;
			sourceTree = "<group>";
		};
		7E18E6311EDE6D780043F981 /* Masonry */ = {
			isa = PBXGroup;
			children = (
				7E18E6321EDE6D780043F981 /* MASCompositeConstraint.h */,
				7E18E6331EDE6D780043F981 /* MASCompositeConstraint.m */,
				7E18E6341EDE6D780043F981 /* MASConstraint+Private.h */,
				7E18E6351EDE6D780043F981 /* MASConstraint.h */,
				7E18E6361EDE6D780043F981 /* MASConstraint.m */,
				7E18E6371EDE6D780043F981 /* MASConstraintMaker.h */,
				7E18E6381EDE6D780043F981 /* MASConstraintMaker.m */,
				7E18E6391EDE6D780043F981 /* MASLayoutConstraint.h */,
				7E18E63A1EDE6D780043F981 /* MASLayoutConstraint.m */,
				7E18E63B1EDE6D780043F981 /* Masonry.h */,
				7E18E63C1EDE6D780043F981 /* MASUtilities.h */,
				7E18E63D1EDE6D780043F981 /* MASViewAttribute.h */,
				7E18E63E1EDE6D780043F981 /* MASViewAttribute.m */,
				7E18E63F1EDE6D780043F981 /* MASViewConstraint.h */,
				7E18E6401EDE6D780043F981 /* MASViewConstraint.m */,
				7E18E6411EDE6D780043F981 /* NSArray+MASAdditions.h */,
				7E18E6421EDE6D780043F981 /* NSArray+MASAdditions.m */,
				7E18E6431EDE6D780043F981 /* NSArray+MASShorthandAdditions.h */,
				7E18E6441EDE6D780043F981 /* NSLayoutConstraint+MASDebugAdditions.h */,
				7E18E6451EDE6D780043F981 /* NSLayoutConstraint+MASDebugAdditions.m */,
				7E18E6461EDE6D780043F981 /* View+MASAdditions.h */,
				7E18E6471EDE6D780043F981 /* View+MASAdditions.m */,
				7E18E6481EDE6D780043F981 /* View+MASShorthandAdditions.h */,
				7E18E6491EDE6D780043F981 /* ViewController+MASAdditions.h */,
				7E18E64A1EDE6D780043F981 /* ViewController+MASAdditions.m */,
			);
			path = Masonry;
			sourceTree = "<group>";
		};
		7E18E65E1EDE8E930043F981 /* SDWebImage */ = {
			isa = PBXGroup;
			children = (
				7E18E65F1EDE8E930043F981 /* SDImageCache.h */,
				7E18E6601EDE8E930043F981 /* SDImageCache.m */,
				7E18E6611EDE8E930043F981 /* SDWebImageCompat.h */,
				7E18E6621EDE8E930043F981 /* SDWebImageCompat.m */,
				7E18E6631EDE8E930043F981 /* SDWebImageDecoder.h */,
				7E18E6641EDE8E930043F981 /* SDWebImageDecoder.m */,
				7E18E6651EDE8E930043F981 /* SDWebImageDownloader.h */,
				7E18E6661EDE8E930043F981 /* SDWebImageDownloader.m */,
				7E18E6671EDE8E930043F981 /* SDWebImageDownloaderOperation.h */,
				7E18E6681EDE8E940043F981 /* SDWebImageDownloaderOperation.m */,
				7E18E6691EDE8E940043F981 /* SDWebImageManager.h */,
				7E18E66A1EDE8E940043F981 /* SDWebImageManager.m */,
				7E18E66B1EDE8E940043F981 /* SDWebImageOperation.h */,
				7E18E66C1EDE8E940043F981 /* SDWebImagePrefetcher.h */,
				7E18E66D1EDE8E940043F981 /* SDWebImagePrefetcher.m */,
				7E18E66E1EDE8E940043F981 /* UIButton+WebCache.h */,
				7E18E66F1EDE8E940043F981 /* UIButton+WebCache.m */,
				7E18E6701EDE8E940043F981 /* UIImageView+WebCache.h */,
				7E18E6711EDE8E940043F981 /* UIImageView+WebCache.m */,
			);
			path = SDWebImage;
			sourceTree = "<group>";
		};
/* End PBXGroup section */

/* Begin PBXNativeTarget section */
		7E18E5DD1EDE541A0043F981 /* shopCar */ = {
			isa = PBXNativeTarget;
			buildConfigurationList = 7E18E60B1EDE541A0043F981 /* Build configuration list for PBXNativeTarget "shopCar" */;
			buildPhases = (
				7E18E5DA1EDE541A0043F981 /* Sources */,
				7E18E5DB1EDE541A0043F981 /* Frameworks */,
				7E18E5DC1EDE541A0043F981 /* Resources */,
			);
			buildRules = (
			);
			dependencies = (
			);
			name = shopCar;
			productName = shopCar;
			productReference = 7E18E5DE1EDE541A0043F981 /* shopCar.app */;
			productType = "com.apple.product-type.application";
		};
		7E18E5F61EDE541A0043F981 /* shopCarTests */ = {
			isa = PBXNativeTarget;
			buildConfigurationList = 7E18E60E1EDE541A0043F981 /* Build configuration list for PBXNativeTarget "shopCarTests" */;
			buildPhases = (
				7E18E5F31EDE541A0043F981 /* Sources */,
				7E18E5F41EDE541A0043F981 /* Frameworks */,
				7E18E5F51EDE541A0043F981 /* Resources */,
			);
			buildRules = (
			);
			dependencies = (
				7E18E5F91EDE541A0043F981 /* PBXTargetDependency */,
			);
			name = shopCarTests;
			productName = shopCarTests;
			productReference = 7E18E5F71EDE541A0043F981 /* shopCarTests.xctest */;
			productType = "com.apple.product-type.bundle.unit-test";
		};
		7E18E6011EDE541A0043F981 /* shopCarUITests */ = {
			isa = PBXNativeTarget;
			buildConfigurationList = 7E18E6111EDE541A0043F981 /* Build configuration list for PBXNativeTarget "shopCarUITests" */;
			buildPhases = (
				7E18E5FE1EDE541A0043F981 /* Sources */,
				7E18E5FF1EDE541A0043F981 /* Frameworks */,
				7E18E6001EDE541A0043F981 /* Resources */,
			);
			buildRules = (
			);
			dependencies = (
				7E18E6041EDE541A0043F981 /* PBXTargetDependency */,
			);
			name = shopCarUITests;
			productName = shopCarUITests;
			productReference = 7E18E6021EDE541A0043F981 /* shopCarUITests.xctest */;
			productType = "com.apple.product-type.bundle.ui-testing";
		};
/* End PBXNativeTarget section */

/* Begin PBXProject section */
		7E18E5D61EDE541A0043F981 /* Project object */ = {
			isa = PBXProject;
			attributes = {
				LastUpgradeCheck = 0810;
				ORGANIZATIONNAME = yshow;
				TargetAttributes = {
					7E18E5DD1EDE541A0043F981 = {
						CreatedOnToolsVersion = 8.1;
						ProvisioningStyle = Manual;
					};
					7E18E5F61EDE541A0043F981 = {
						CreatedOnToolsVersion = 8.1;
						ProvisioningStyle = Automatic;
						TestTargetID = 7E18E5DD1EDE541A0043F981;
					};
					7E18E6011EDE541A0043F981 = {
						CreatedOnToolsVersion = 8.1;
						ProvisioningStyle = Automatic;
						TestTargetID = 7E18E5DD1EDE541A0043F981;
					};
				};
			};
			buildConfigurationList = 7E18E5D91EDE541A0043F981 /* Build configuration list for PBXProject "shopCar" */;
			compatibilityVersion = "Xcode 3.2";
			developmentRegion = English;
			hasScannedForEncodings = 0;
			knownRegions = (
				en,
				Base,
			);
			mainGroup = 7E18E5D51EDE541A0043F981;
			productRefGroup = 7E18E5DF1EDE541A0043F981 /* Products */;
			projectDirPath = "";
			projectRoot = "";
			targets = (
				7E18E5DD1EDE541A0043F981 /* shopCar */,
				7E18E5F61EDE541A0043F981 /* shopCarTests */,
				7E18E6011EDE541A0043F981 /* shopCarUITests */,
			);
		};
/* End PBXProject section */

/* Begin PBXResourcesBuildPhase section */
		7E18E5DC1EDE541A0043F981 /* Resources */ = {
			isa = PBXResourcesBuildPhase;
			buildActionMask = 2147483647;
			files = (
				7E18E5F11EDE541A0043F981 /* LaunchScreen.storyboard in Resources */,
				7E18E6151EDE56480043F981 /* dataJson.json in Resources */,
				7E0115D51EDFAF94001368A0 /* add@2x.png in Resources */,
				7E0115D31EDFAF8C001368A0 /* remove@2x.png in Resources */,
				7E18E5EE1EDE541A0043F981 /* Assets.xcassets in Resources */,
				7E18E5EC1EDE541A0043F981 /* Main.storyboard in Resources */,
			);
			runOnlyForDeploymentPostprocessing = 0;
		};
		7E18E5F51EDE541A0043F981 /* Resources */ = {
			isa = PBXResourcesBuildPhase;
			buildActionMask = 2147483647;
			files = (
			);
			runOnlyForDeploymentPostprocessing = 0;
		};
		7E18E6001EDE541A0043F981 /* Resources */ = {
			isa = PBXResourcesBuildPhase;
			buildActionMask = 2147483647;
			files = (
			);
			runOnlyForDeploymentPostprocessing = 0;
		};
/* End PBXResourcesBuildPhase section */

/* Begin PBXSourcesBuildPhase section */
		7E18E5DA1EDE541A0043F981 /* Sources */ = {
			isa = PBXSourcesBuildPhase;
			buildActionMask = 2147483647;
			files = (
				7E18E6501EDE6D780043F981 /* MASViewConstraint.m in Sources */,
				7E18E6771EDE8E940043F981 /* SDWebImageManager.m in Sources */,
				7E18E6731EDE8E940043F981 /* SDWebImageCompat.m in Sources */,
				7E18E6781EDE8E940043F981 /* SDWebImagePrefetcher.m in Sources */,
				7E18E6231EDE598F0043F981 /* YSModel.m in Sources */,
				7E18E6721EDE8E940043F981 /* SDImageCache.m in Sources */,
				7E18E64F1EDE6D780043F981 /* MASViewAttribute.m in Sources */,
				7E18E6791EDE8E940043F981 /* UIButton+WebCache.m in Sources */,
				7E18E6261EDE59CE0043F981 /* ModelShopCar.m in Sources */,
				7E18E5E91EDE541A0043F981 /* ViewController.m in Sources */,
				7E18E62A1EDE5EDF0043F981 /* leftView.m in Sources */,
				7E18E64B1EDE6D780043F981 /* MASCompositeConstraint.m in Sources */,
				7E18E64D1EDE6D780043F981 /* MASConstraintMaker.m in Sources */,
				7E18E65D1EDE87D50043F981 /* goodsCell.m in Sources */,
				7E18E67A1EDE8E940043F981 /* UIImageView+WebCache.m in Sources */,
				7E18E6531EDE6D780043F981 /* View+MASAdditions.m in Sources */,
				7E18E6741EDE8E940043F981 /* SDWebImageDecoder.m in Sources */,
				7E18E64E1EDE6D780043F981 /* MASLayoutConstraint.m in Sources */,
				7E18E6541EDE6D780043F981 /* ViewController+MASAdditions.m in Sources */,
				7E18E6761EDE8E940043F981 /* SDWebImageDownloaderOperation.m in Sources */,
				7E18E64C1EDE6D780043F981 /* MASConstraint.m in Sources */,
				7E18E5E61EDE541A0043F981 /* AppDelegate.m in Sources */,
				7E18E6301EDE6D450043F981 /* BaseCell.m in Sources */,
				7E18E6511EDE6D780043F981 /* NSArray+MASAdditions.m in Sources */,
				7E18E6521EDE6D780043F981 /* NSLayoutConstraint+MASDebugAdditions.m in Sources */,
				7E18E6751EDE8E940043F981 /* SDWebImageDownloader.m in Sources */,
				7E18E6571EDE6D890043F981 /* leftCell.m in Sources */,
				7E18E5E31EDE541A0043F981 /* main.m in Sources */,
				7E18E61C1EDE58B30043F981 /* YYClassInfo.m in Sources */,
				7E18E65A1EDE86AD0043F981 /* goodsView.m in Sources */,
				7E18E61B1EDE58B30043F981 /* NSObject+YYModel.m in Sources */,
			);
			runOnlyForDeploymentPostprocessing = 0;
		};
		7E18E5F31EDE541A0043F981 /* Sources */ = {
			isa = PBXSourcesBuildPhase;
			buildActionMask = 2147483647;
			files = (
				7E18E5FC1EDE541A0043F981 /* shopCarTests.m in Sources */,
			);
			runOnlyForDeploymentPostprocessing = 0;
		};
		7E18E5FE1EDE541A0043F981 /* Sources */ = {
			isa = PBXSourcesBuildPhase;
			buildActionMask = 2147483647;
			files = (
				7E18E6071EDE541A0043F981 /* shopCarUITests.m in Sources */,
			);
			runOnlyForDeploymentPostprocessing = 0;
		};
/* End PBXSourcesBuildPhase section */

/* Begin PBXTargetDependency section */
		7E18E5F91EDE541A0043F981 /* PBXTargetDependency */ = {
			isa = PBXTargetDependency;
			target = 7E18E5DD1EDE541A0043F981 /* shopCar */;
			targetProxy = 7E18E5F81EDE541A0043F981 /* PBXContainerItemProxy */;
		};
		7E18E6041EDE541A0043F981 /* PBXTargetDependency */ = {
			isa = PBXTargetDependency;
			target = 7E18E5DD1EDE541A0043F981 /* shopCar */;
			targetProxy = 7E18E6031EDE541A0043F981 /* PBXContainerItemProxy */;
		};
/* End PBXTargetDependency section */

/* Begin PBXVariantGroup section */
		7E18E5EA1EDE541A0043F981 /* Main.storyboard */ = {
			isa = PBXVariantGroup;
			children = (
				7E18E5EB1EDE541A0043F981 /* Base */,
			);
			name = Main.storyboard;
			sourceTree = "<group>";
		};
		7E18E5EF1EDE541A0043F981 /* LaunchScreen.storyboard */ = {
			isa = PBXVariantGroup;
			children = (
				7E18E5F01EDE541A0043F981 /* Base */,
			);
			name = LaunchScreen.storyboard;
			sourceTree = "<group>";
		};
/* End PBXVariantGroup section */

/* Begin XCBuildConfiguration section */
		7E18E6091EDE541A0043F981 /* Debug */ = {
			isa = XCBuildConfiguration;
			buildSettings = {
				ALWAYS_SEARCH_USER_PATHS = NO;
				CLANG_ANALYZER_NONNULL = YES;
				CLANG_CXX_LANGUAGE_STANDARD = "gnu++0x";
				CLANG_CXX_LIBRARY = "libc++";
				CLANG_ENABLE_MODULES = YES;
				CLANG_ENABLE_OBJC_ARC = YES;
				CLANG_WARN_BOOL_CONVERSION = YES;
				CLANG_WARN_CONSTANT_CONVERSION = YES;
				CLANG_WARN_DIRECT_OBJC_ISA_USAGE = YES_ERROR;
				CLANG_WARN_DOCUMENTATION_COMMENTS = YES;
				CLANG_WARN_EMPTY_BODY = YES;
				CLANG_WARN_ENUM_CONVERSION = YES;
				CLANG_WARN_INFINITE_RECURSION = YES;
				CLANG_WARN_INT_CONVERSION = YES;
				CLANG_WARN_OBJC_ROOT_CLASS = YES_ERROR;
				CLANG_WARN_SUSPICIOUS_MOVES = YES;
				CLANG_WARN_UNREACHABLE_CODE = YES;
				CLANG_WARN__DUPLICATE_METHOD_MATCH = YES;
				"CODE_SIGN_IDENTITY[sdk=iphoneos*]" = "iPhone Developer";
				COPY_PHASE_STRIP = NO;
				DEBUG_INFORMATION_FORMAT = dwarf;
				ENABLE_STRICT_OBJC_MSGSEND = YES;
				ENABLE_TESTABILITY = YES;
				GCC_C_LANGUAGE_STANDARD = gnu99;
				GCC_DYNAMIC_NO_PIC = NO;
				GCC_NO_COMMON_BLOCKS = YES;
				GCC_OPTIMIZATION_LEVEL = 0;
				GCC_PREPROCESSOR_DEFINITIONS = (
					"DEBUG=1",
					"$(inherited)",
				);
				GCC_WARN_64_TO_32_BIT_CONVERSION = YES;
				GCC_WARN_ABOUT_RETURN_TYPE = YES_ERROR;
				GCC_WARN_UNDECLARED_SELECTOR = YES;
				GCC_WARN_UNINITIALIZED_AUTOS = YES_AGGRESSIVE;
				GCC_WARN_UNUSED_FUNCTION = YES;
				GCC_WARN_UNUSED_VARIABLE = YES;
				IPHONEOS_DEPLOYMENT_TARGET = 10.1;
				MTL_ENABLE_DEBUG_INFO = YES;
				ONLY_ACTIVE_ARCH = YES;
				SDKROOT = iphoneos;
			};
			name = Debug;
		};
		7E18E60A1EDE541A0043F981 /* Release */ = {
			isa = XCBuildConfiguration;
			buildSettings = {
				ALWAYS_SEARCH_USER_PATHS = NO;
				CLANG_ANALYZER_NONNULL = YES;
				CLANG_CXX_LANGUAGE_STANDARD = "gnu++0x";
				CLANG_CXX_LIBRARY = "libc++";
				CLANG_ENABLE_MODULES = YES;
				CLANG_ENABLE_OBJC_ARC = YES;
				CLANG_WARN_BOOL_CONVERSION = YES;
				CLANG_WARN_CONSTANT_CONVERSION = YES;
				CLANG_WARN_DIRECT_OBJC_ISA_USAGE = YES_ERROR;
				CLANG_WARN_DOCUMENTATION_COMMENTS = YES;
				CLANG_WARN_EMPTY_BODY = YES;
				CLANG_WARN_ENUM_CONVERSION = YES;
				CLANG_WARN_INFINITE_RECURSION = YES;
				CLANG_WARN_INT_CONVERSION = YES;
				CLANG_WARN_OBJC_ROOT_CLASS = YES_ERROR;
				CLANG_WARN_SUSPICIOUS_MOVES = YES;
				CLANG_WARN_UNREACHABLE_CODE = YES;
				CLANG_WARN__DUPLICATE_METHOD_MATCH = YES;
				"CODE_SIGN_IDENTITY[sdk=iphoneos*]" = "iPhone Developer";
				COPY_PHASE_STRIP = NO;
				DEBUG_INFORMATION_FORMAT = "dwarf-with-dsym";
				ENABLE_NS_ASSERTIONS = NO;
				ENABLE_STRICT_OBJC_MSGSEND = YES;
				GCC_C_LANGUAGE_STANDARD = gnu99;
				GCC_NO_COMMON_BLOCKS = YES;
				GCC_WARN_64_TO_32_BIT_CONVERSION = YES;
				GCC_WARN_ABOUT_RETURN_TYPE = YES_ERROR;
				GCC_WARN_UNDECLARED_SELECTOR = YES;
				GCC_WARN_UNINITIALIZED_AUTOS = YES_AGGRESSIVE;
				GCC_WARN_UNUSED_FUNCTION = YES;
				GCC_WARN_UNUSED_VARIABLE = YES;
				IPHONEOS_DEPLOYMENT_TARGET = 10.1;
				MTL_ENABLE_DEBUG_INFO = NO;
				SDKROOT = iphoneos;
				VALIDATE_PRODUCT = YES;
			};
			name = Release;
		};
		7E18E60C1EDE541A0043F981 /* Debug */ = {
			isa = XCBuildConfiguration;
			buildSettings = {
				ASSETCATALOG_COMPILER_APPICON_NAME = AppIcon;
				DEVELOPMENT_TEAM = "";
				INFOPLIST_FILE = shopCar/Info.plist;
				LD_RUNPATH_SEARCH_PATHS = "$(inherited) @executable_path/Frameworks";
				PRODUCT_BUNDLE_IDENTIFIER = "yshow.-ceshiSpriteKit.shopCar";
				PRODUCT_NAME = "$(TARGET_NAME)";
			};
			name = Debug;
		};
		7E18E60D1EDE541A0043F981 /* Release */ = {
			isa = XCBuildConfiguration;
			buildSettings = {
				ASSETCATALOG_COMPILER_APPICON_NAME = AppIcon;
				DEVELOPMENT_TEAM = "";
				INFOPLIST_FILE = shopCar/Info.plist;
				LD_RUNPATH_SEARCH_PATHS = "$(inherited) @executable_path/Frameworks";
				PRODUCT_BUNDLE_IDENTIFIER = "yshow.-ceshiSpriteKit.shopCar";
				PRODUCT_NAME = "$(TARGET_NAME)";
			};
			name = Release;
		};
		7E18E60F1EDE541A0043F981 /* Debug */ = {
			isa = XCBuildConfiguration;
			buildSettings = {
				BUNDLE_LOADER = "$(TEST_HOST)";
				INFOPLIST_FILE = shopCarTests/Info.plist;
				LD_RUNPATH_SEARCH_PATHS = "$(inherited) @executable_path/Frameworks @loader_path/Frameworks";
				PRODUCT_BUNDLE_IDENTIFIER = "yshow.-ceshiSpriteKit.shopCarTests";
				PRODUCT_NAME = "$(TARGET_NAME)";
				TEST_HOST = "$(BUILT_PRODUCTS_DIR)/shopCar.app/shopCar";
			};
			name = Debug;
		};
		7E18E6101EDE541A0043F981 /* Release */ = {
			isa = XCBuildConfiguration;
			buildSettings = {
				BUNDLE_LOADER = "$(TEST_HOST)";
				INFOPLIST_FILE = shopCarTests/Info.plist;
				LD_RUNPATH_SEARCH_PATHS = "$(inherited) @executable_path/Frameworks @loader_path/Frameworks";
				PRODUCT_BUNDLE_IDENTIFIER = "yshow.-ceshiSpriteKit.shopCarTests";
				PRODUCT_NAME = "$(TARGET_NAME)";
				TEST_HOST = "$(BUILT_PRODUCTS_DIR)/shopCar.app/shopCar";
			};
			name = Release;
		};
		7E18E6121EDE541A0043F981 /* Debug */ = {
			isa = XCBuildConfiguration;
			buildSettings = {
				INFOPLIST_FILE = shopCarUITests/Info.plist;
				LD_RUNPATH_SEARCH_PATHS = "$(inherited) @executable_path/Frameworks @loader_path/Frameworks";
				PRODUCT_BUNDLE_IDENTIFIER = "yshow.-ceshiSpriteKit.shopCarUITests";
				PRODUCT_NAME = "$(TARGET_NAME)";
				TEST_TARGET_NAME = shopCar;
			};
			name = Debug;
		};
		7E18E6131EDE541A0043F981 /* Release */ = {
			isa = XCBuildConfiguration;
			buildSettings = {
				INFOPLIST_FILE = shopCarUITests/Info.plist;
				LD_RUNPATH_SEARCH_PATHS = "$(inherited) @executable_path/Frameworks @loader_path/Frameworks";
				PRODUCT_BUNDLE_IDENTIFIER = "yshow.-ceshiSpriteKit.shopCarUITests";
				PRODUCT_NAME = "$(TARGET_NAME)";
				TEST_TARGET_NAME = shopCar;
			};
			name = Release;
		};
/* End XCBuildConfiguration section */

/* Begin XCConfigurationList section */
		7E18E5D91EDE541A0043F981 /* Build configuration list for PBXProject "shopCar" */ = {
			isa = XCConfigurationList;
			buildConfigurations = (
				7E18E6091EDE541A0043F981 /* Debug */,
				7E18E60A1EDE541A0043F981 /* Release */,
			);
			defaultConfigurationIsVisible = 0;
			defaultConfigurationName = Release;
		};
		7E18E60B1EDE541A0043F981 /* Build configuration list for PBXNativeTarget "shopCar" */ = {
			isa = XCConfigurationList;
			buildConfigurations = (
				7E18E60C1EDE541A0043F981 /* Debug */,
				7E18E60D1EDE541A0043F981 /* Release */,
			);
			defaultConfigurationIsVisible = 0;
			defaultConfigurationName = Release;
		};
		7E18E60E1EDE541A0043F981 /* Build configuration list for PBXNativeTarget "shopCarTests" */ = {
			isa = XCConfigurationList;
			buildConfigurations = (
				7E18E60F1EDE541A0043F981 /* Debug */,
				7E18E6101EDE541A0043F981 /* Release */,
			);
			defaultConfigurationIsVisible = 0;
			defaultConfigurationName = Release;
		};
		7E18E6111EDE541A0043F981 /* Build configuration list for PBXNativeTarget "shopCarUITests" */ = {
			isa = XCConfigurationList;
			buildConfigurations = (
				7E18E6121EDE541A0043F981 /* Debug */,
				7E18E6131EDE541A0043F981 /* Release */,
			);
			defaultConfigurationIsVisible = 0;
			defaultConfigurationName = Release;
		};
/* End XCConfigurationList section */
	};
	rootObject = 7E18E5D61EDE541A0043F981 /* Project object */;
}
